// !$*UTF8*$!
{
	archiveVersion = 1;
	classes = {
	};
	objectVersion = 56;
	objects = {

/* Begin PBXBuildFile section */
		845BD0DD290929AE00E05833 /* LaunchScreen.storyboard in Resources */ = {isa = PBXBuildFile; fileRef = 845BD0DC290929AE00E05833 /* LaunchScreen.storyboard */; };
		849D67862902F279000C73B3 /* ToDoListApp.swift in Sources */ = {isa = PBXBuildFile; fileRef = 849D67852902F279000C73B3 /* ToDoListApp.swift */; };
		849D678A2902F27A000C73B3 /* Assets.xcassets in Resources */ = {isa = PBXBuildFile; fileRef = 849D67892902F27A000C73B3 /* Assets.xcassets */; };
		849D678D2902F27A000C73B3 /* Preview Assets.xcassets in Resources */ = {isa = PBXBuildFile; fileRef = 849D678C2902F27A000C73B3 /* Preview Assets.xcassets */; };
		849D67972902F27A000C73B3 /* ToDoListTests.swift in Sources */ = {isa = PBXBuildFile; fileRef = 849D67962902F27A000C73B3 /* ToDoListTests.swift */; };
		849D67A12902F27A000C73B3 /* ToDoListUITests.swift in Sources */ = {isa = PBXBuildFile; fileRef = 849D67A02902F27A000C73B3 /* ToDoListUITests.swift */; };
		849D67A32902F27A000C73B3 /* ToDoListUITestsLaunchTests.swift in Sources */ = {isa = PBXBuildFile; fileRef = 849D67A22902F27A000C73B3 /* ToDoListUITestsLaunchTests.swift */; };
		849D67B129067FA5000C73B3 /* ListView.swift in Sources */ = {isa = PBXBuildFile; fileRef = 849D67B029067FA5000C73B3 /* ListView.swift */; };
		849D67B32906B52B000C73B3 /* ListRowView.swift in Sources */ = {isa = PBXBuildFile; fileRef = 849D67B22906B52B000C73B3 /* ListRowView.swift */; };
		849D67B52906BBFB000C73B3 /* AddView.swift in Sources */ = {isa = PBXBuildFile; fileRef = 849D67B42906BBFB000C73B3 /* AddView.swift */; };
		849D67B82906C6DE000C73B3 /* ItemModel.swift in Sources */ = {isa = PBXBuildFile; fileRef = 849D67B72906C6DE000C73B3 /* ItemModel.swift */; };
		84AC639E290AB131005400BD /* InspectorSidebarToolbarTop.swift in Sources */ = {isa = PBXBuildFile; fileRef = 84AC639D290AB131005400BD /* InspectorSidebarToolbarTop.swift */; };
		84AC63A0290ACF8F005400BD /* ListRowViewDelegate.swift in Sources */ = {isa = PBXBuildFile; fileRef = 84AC639F290ACF8F005400BD /* ListRowViewDelegate.swift */; };
		84AC63A2290AD6A5005400BD /* ListMoveAndDelete.swift in Sources */ = {isa = PBXBuildFile; fileRef = 84AC63A1290AD6A5005400BD /* ListMoveAndDelete.swift */; };
		84AC63A4290B1619005400BD /* CollectionColorList.swift in Sources */ = {isa = PBXBuildFile; fileRef = 84AC63A3290B1619005400BD /* CollectionColorList.swift */; };
		84CAE251290C3FF60069AFED /* ImageCollection.swift in Sources */ = {isa = PBXBuildFile; fileRef = 84CAE250290C3FF60069AFED /* ImageCollection.swift */; };
		84CAE253290C42F20069AFED /* UIMakers.swift in Sources */ = {isa = PBXBuildFile; fileRef = 84CAE252290C42F20069AFED /* UIMakers.swift */; };
		84CAE255290C46B50069AFED /* CustomData.swift in Sources */ = {isa = PBXBuildFile; fileRef = 84CAE254290C46B50069AFED /* CustomData.swift */; };
		84CAE257290C46E80069AFED /* ImageViewModel.swift in Sources */ = {isa = PBXBuildFile; fileRef = 84CAE256290C46E80069AFED /* ImageViewModel.swift */; };
		84E296A22908231B00A81F54 /* ListViewModel.swift in Sources */ = {isa = PBXBuildFile; fileRef = 84E296A12908231B00A81F54 /* ListViewModel.swift */; };
/* End PBXBuildFile section */

/* Begin PBXContainerItemProxy section */
		849D67932902F27A000C73B3 /* PBXContainerItemProxy */ = {
			isa = PBXContainerItemProxy;
			containerPortal = 849D677A2902F279000C73B3 /* Project object */;
			proxyType = 1;
			remoteGlobalIDString = 849D67812902F279000C73B3;
			remoteInfo = ToDoList;
		};
		849D679D2902F27A000C73B3 /* PBXContainerItemProxy */ = {
			isa = PBXContainerItemProxy;
			containerPortal = 849D677A2902F279000C73B3 /* Project object */;
			proxyType = 1;
			remoteGlobalIDString = 849D67812902F279000C73B3;
			remoteInfo = ToDoList;
		};
/* End PBXContainerItemProxy section */

/* Begin PBXFileReference section */
		845BD0DC290929AE00E05833 /* LaunchScreen.storyboard */ = {isa = PBXFileReference; lastKnownFileType = file.storyboard; path = LaunchScreen.storyboard; sourceTree = "<group>"; };
		849D67822902F279000C73B3 /* ToDoList.app */ = {isa = PBXFileReference; explicitFileType = wrapper.application; includeInIndex = 0; path = ToDoList.app; sourceTree = BUILT_PRODUCTS_DIR; };
		849D67852902F279000C73B3 /* ToDoListApp.swift */ = {isa = PBXFileReference; lastKnownFileType = sourcecode.swift; path = ToDoListApp.swift; sourceTree = "<group>"; };
		849D67892902F27A000C73B3 /* Assets.xcassets */ = {isa = PBXFileReference; lastKnownFileType = folder.assetcatalog; path = Assets.xcassets; sourceTree = "<group>"; };
		849D678C2902F27A000C73B3 /* Preview Assets.xcassets */ = {isa = PBXFileReference; lastKnownFileType = folder.assetcatalog; path = "Preview Assets.xcassets"; sourceTree = "<group>"; };
		849D67922902F27A000C73B3 /* ToDoListTests.xctest */ = {isa = PBXFileReference; explicitFileType = wrapper.cfbundle; includeInIndex = 0; path = ToDoListTests.xctest; sourceTree = BUILT_PRODUCTS_DIR; };
		849D67962902F27A000C73B3 /* ToDoListTests.swift */ = {isa = PBXFileReference; lastKnownFileType = sourcecode.swift; path = ToDoListTests.swift; sourceTree = "<group>"; };
		849D679C2902F27A000C73B3 /* ToDoListUITests.xctest */ = {isa = PBXFileReference; explicitFileType = wrapper.cfbundle; includeInIndex = 0; path = ToDoListUITests.xctest; sourceTree = BUILT_PRODUCTS_DIR; };
		849D67A02902F27A000C73B3 /* ToDoListUITests.swift */ = {isa = PBXFileReference; lastKnownFileType = sourcecode.swift; path = ToDoListUITests.swift; sourceTree = "<group>"; };
		849D67A22902F27A000C73B3 /* ToDoListUITestsLaunchTests.swift */ = {isa = PBXFileReference; lastKnownFileType = sourcecode.swift; path = ToDoListUITestsLaunchTests.swift; sourceTree = "<group>"; };
		849D67B029067FA5000C73B3 /* ListView.swift */ = {isa = PBXFileReference; lastKnownFileType = sourcecode.swift; path = ListView.swift; sourceTree = "<group>"; };
		849D67B22906B52B000C73B3 /* ListRowView.swift */ = {isa = PBXFileReference; lastKnownFileType = sourcecode.swift; path = ListRowView.swift; sourceTree = "<group>"; };
		849D67B42906BBFB000C73B3 /* AddView.swift */ = {isa = PBXFileReference; lastKnownFileType = sourcecode.swift; path = AddView.swift; sourceTree = "<group>"; };
		849D67B72906C6DE000C73B3 /* ItemModel.swift */ = {isa = PBXFileReference; lastKnownFileType = sourcecode.swift; path = ItemModel.swift; sourceTree = "<group>"; };
		84AC639D290AB131005400BD /* InspectorSidebarToolbarTop.swift */ = {isa = PBXFileReference; lastKnownFileType = sourcecode.swift; path = InspectorSidebarToolbarTop.swift; sourceTree = "<group>"; };
		84AC639F290ACF8F005400BD /* ListRowViewDelegate.swift */ = {isa = PBXFileReference; lastKnownFileType = sourcecode.swift; path = ListRowViewDelegate.swift; sourceTree = "<group>"; };
		84AC63A1290AD6A5005400BD /* ListMoveAndDelete.swift */ = {isa = PBXFileReference; lastKnownFileType = sourcecode.swift; path = ListMoveAndDelete.swift; sourceTree = "<group>"; };
		84AC63A3290B1619005400BD /* CollectionColorList.swift */ = {isa = PBXFileReference; lastKnownFileType = sourcecode.swift; path = CollectionColorList.swift; sourceTree = "<group>"; };
		84CAE250290C3FF60069AFED /* ImageCollection.swift */ = {isa = PBXFileReference; lastKnownFileType = sourcecode.swift; path = ImageCollection.swift; sourceTree = "<group>"; };
		84CAE252290C42F20069AFED /* UIMakers.swift */ = {isa = PBXFileReference; lastKnownFileType = sourcecode.swift; path = UIMakers.swift; sourceTree = "<group>"; };
		84CAE254290C46B50069AFED /* CustomData.swift */ = {isa = PBXFileReference; lastKnownFileType = sourcecode.swift; path = CustomData.swift; sourceTree = "<group>"; };
		84CAE256290C46E80069AFED /* ImageViewModel.swift */ = {isa = PBXFileReference; lastKnownFileType = sourcecode.swift; path = ImageViewModel.swift; sourceTree = "<group>"; };
		84E2969F29081CA900A81F54 /* README.md */ = {isa = PBXFileReference; lastKnownFileType = net.daringfireball.markdown; path = README.md; sourceTree = "<group>"; };
		84E296A12908231B00A81F54 /* ListViewModel.swift */ = {isa = PBXFileReference; lastKnownFileType = sourcecode.swift; path = ListViewModel.swift; sourceTree = "<group>"; };
/* End PBXFileReference section */

/* Begin PBXFrameworksBuildPhase section */
		849D677F2902F279000C73B3 /* Frameworks */ = {
			isa = PBXFrameworksBuildPhase;
			buildActionMask = 2147483647;
			files = (
			);
			runOnlyForDeploymentPostprocessing = 0;
		};
		849D678F2902F27A000C73B3 /* Frameworks */ = {
			isa = PBXFrameworksBuildPhase;
			buildActionMask = 2147483647;
			files = (
			);
			runOnlyForDeploymentPostprocessing = 0;
		};
		849D67992902F27A000C73B3 /* Frameworks */ = {
			isa = PBXFrameworksBuildPhase;
			buildActionMask = 2147483647;
			files = (
			);
			runOnlyForDeploymentPostprocessing = 0;
		};
/* End PBXFrameworksBuildPhase section */

/* Begin PBXGroup section */
		849D67792902F279000C73B3 = {
			isa = PBXGroup;
			children = (
				84E2969F29081CA900A81F54 /* README.md */,
				849D67842902F279000C73B3 /* ToDoList */,
				849D67952902F27A000C73B3 /* ToDoListTests */,
				849D679F2902F27A000C73B3 /* ToDoListUITests */,
				849D67832902F279000C73B3 /* Products */,
			);
			sourceTree = "<group>";
		};
		849D67832902F279000C73B3 /* Products */ = {
			isa = PBXGroup;
			children = (
				849D67822902F279000C73B3 /* ToDoList.app */,
				849D67922902F27A000C73B3 /* ToDoListTests.xctest */,
				849D679C2902F27A000C73B3 /* ToDoListUITests.xctest */,
			);
			name = Products;
			sourceTree = "<group>";
		};
		849D67842902F279000C73B3 /* ToDoList */ = {
			isa = PBXGroup;
			children = (
				849D67852902F279000C73B3 /* ToDoListApp.swift */,
				84E296A0290822C700A81F54 /* ViewModels */,
				849D67B62906C6A7000C73B3 /* Models */,
				849D67AF29067F91000C73B3 /* Views */,
				849D67892902F27A000C73B3 /* Assets.xcassets */,
				849D678B2902F27A000C73B3 /* Preview Content */,
			);
			path = ToDoList;
			sourceTree = "<group>";
		};
		849D678B2902F27A000C73B3 /* Preview Content */ = {
			isa = PBXGroup;
			children = (
				849D678C2902F27A000C73B3 /* Preview Assets.xcassets */,
			);
			path = "Preview Content";
			sourceTree = "<group>";
		};
		849D67952902F27A000C73B3 /* ToDoListTests */ = {
			isa = PBXGroup;
			children = (
				849D67962902F27A000C73B3 /* ToDoListTests.swift */,
			);
			path = ToDoListTests;
			sourceTree = "<group>";
		};
		849D679F2902F27A000C73B3 /* ToDoListUITests */ = {
			isa = PBXGroup;
			children = (
				849D67A02902F27A000C73B3 /* ToDoListUITests.swift */,
				849D67A22902F27A000C73B3 /* ToDoListUITestsLaunchTests.swift */,
			);
			path = ToDoListUITests;
			sourceTree = "<group>";
		};
		849D67AF29067F91000C73B3 /* Views */ = {
			isa = PBXGroup;
			children = (
				849D67B029067FA5000C73B3 /* ListView.swift */,
				849D67B22906B52B000C73B3 /* ListRowView.swift */,
				84AC639F290ACF8F005400BD /* ListRowViewDelegate.swift */,
				849D67B42906BBFB000C73B3 /* AddView.swift */,
				84AC639D290AB131005400BD /* InspectorSidebarToolbarTop.swift */,
				845BD0DC290929AE00E05833 /* LaunchScreen.storyboard */,
				84AC63A1290AD6A5005400BD /* ListMoveAndDelete.swift */,
				84AC63A3290B1619005400BD /* CollectionColorList.swift */,
				84CAE250290C3FF60069AFED /* ImageCollection.swift */,
				84CAE252290C42F20069AFED /* UIMakers.swift */,
			);
			path = Views;
			sourceTree = "<group>";
		};
		849D67B62906C6A7000C73B3 /* Models */ = {
			isa = PBXGroup;
			children = (
				849D67B72906C6DE000C73B3 /* ItemModel.swift */,
				84CAE254290C46B50069AFED /* CustomData.swift */,
			);
			path = Models;
			sourceTree = "<group>";
		};
		84E296A0290822C700A81F54 /* ViewModels */ = {
			isa = PBXGroup;
			children = (
				84E296A12908231B00A81F54 /* ListViewModel.swift */,
				84CAE256290C46E80069AFED /* ImageViewModel.swift */,
			);
			path = ViewModels;
			sourceTree = "<group>";
		};
/* End PBXGroup section */

/* Begin PBXNativeTarget section */
		849D67812902F279000C73B3 /* ToDoList */ = {
			isa = PBXNativeTarget;
			buildConfigurationList = 849D67A62902F27A000C73B3 /* Build configuration list for PBXNativeTarget "ToDoList" */;
			buildPhases = (
				849D677E2902F279000C73B3 /* Sources */,
				849D677F2902F279000C73B3 /* Frameworks */,
				849D67802902F279000C73B3 /* Resources */,
			);
			buildRules = (
			);
			dependencies = (
			);
			name = ToDoList;
			productName = ToDoList;
			productReference = 849D67822902F279000C73B3 /* ToDoList.app */;
			productType = "com.apple.product-type.application";
		};
		849D67912902F27A000C73B3 /* ToDoListTests */ = {
			isa = PBXNativeTarget;
			buildConfigurationList = 849D67A92902F27A000C73B3 /* Build configuration list for PBXNativeTarget "ToDoListTests" */;
			buildPhases = (
				849D678E2902F27A000C73B3 /* Sources */,
				849D678F2902F27A000C73B3 /* Frameworks */,
				849D67902902F27A000C73B3 /* Resources */,
			);
			buildRules = (
			);
			dependencies = (
				849D67942902F27A000C73B3 /* PBXTargetDependency */,
			);
			name = ToDoListTests;
			productName = ToDoListTests;
			productReference = 849D67922902F27A000C73B3 /* ToDoListTests.xctest */;
			productType = "com.apple.product-type.bundle.unit-test";
		};
		849D679B2902F27A000C73B3 /* ToDoListUITests */ = {
			isa = PBXNativeTarget;
			buildConfigurationList = 849D67AC2902F27A000C73B3 /* Build configuration list for PBXNativeTarget "ToDoListUITests" */;
			buildPhases = (
				849D67982902F27A000C73B3 /* Sources */,
				849D67992902F27A000C73B3 /* Frameworks */,
				849D679A2902F27A000C73B3 /* Resources */,
			);
			buildRules = (
			);
			dependencies = (
				849D679E2902F27A000C73B3 /* PBXTargetDependency */,
			);
			name = ToDoListUITests;
			productName = ToDoListUITests;
			productReference = 849D679C2902F27A000C73B3 /* ToDoListUITests.xctest */;
			productType = "com.apple.product-type.bundle.ui-testing";
		};
/* End PBXNativeTarget section */

/* Begin PBXProject section */
		849D677A2902F279000C73B3 /* Project object */ = {
			isa = PBXProject;
			attributes = {
				BuildIndependentTargetsInParallel = 1;
				LastSwiftUpdateCheck = 1400;
				LastUpgradeCheck = 1400;
				TargetAttributes = {
					849D67812902F279000C73B3 = {
						CreatedOnToolsVersion = 14.0.1;
					};
					849D67912902F27A000C73B3 = {
						CreatedOnToolsVersion = 14.0.1;
						TestTargetID = 849D67812902F279000C73B3;
					};
					849D679B2902F27A000C73B3 = {
						CreatedOnToolsVersion = 14.0.1;
						TestTargetID = 849D67812902F279000C73B3;
					};
				};
			};
			buildConfigurationList = 849D677D2902F279000C73B3 /* Build configuration list for PBXProject "ToDoList" */;
			compatibilityVersion = "Xcode 14.0";
			developmentRegion = en;
			hasScannedForEncodings = 0;
			knownRegions = (
				en,
				Base,
			);
			mainGroup = 849D67792902F279000C73B3;
			productRefGroup = 849D67832902F279000C73B3 /* Products */;
			projectDirPath = "";
			projectRoot = "";
			targets = (
				849D67812902F279000C73B3 /* ToDoList */,
				849D67912902F27A000C73B3 /* ToDoListTests */,
				849D679B2902F27A000C73B3 /* ToDoListUITests */,
			);
		};
/* End PBXProject section */

/* Begin PBXResourcesBuildPhase section */
		849D67802902F279000C73B3 /* Resources */ = {
			isa = PBXResourcesBuildPhase;
			buildActionMask = 2147483647;
			files = (
				845BD0DD290929AE00E05833 /* LaunchScreen.storyboard in Resources */,
				849D678D2902F27A000C73B3 /* Preview Assets.xcassets in Resources */,
				849D678A2902F27A000C73B3 /* Assets.xcassets in Resources */,
			);
			runOnlyForDeploymentPostprocessing = 0;
		};
		849D67902902F27A000C73B3 /* Resources */ = {
			isa = PBXResourcesBuildPhase;
			buildActionMask = 2147483647;
			files = (
			);
			runOnlyForDeploymentPostprocessing = 0;
		};
		849D679A2902F27A000C73B3 /* Resources */ = {
			isa = PBXResourcesBuildPhase;
			buildActionMask = 2147483647;
			files = (
			);
			runOnlyForDeploymentPostprocessing = 0;
		};
/* End PBXResourcesBuildPhase section */

/* Begin PBXSourcesBuildPhase section */
		849D677E2902F279000C73B3 /* Sources */ = {
			isa = PBXSourcesBuildPhase;
			buildActionMask = 2147483647;
			files = (
				84CAE257290C46E80069AFED /* ImageViewModel.swift in Sources */,
				849D67B82906C6DE000C73B3 /* ItemModel.swift in Sources */,
				84AC63A4290B1619005400BD /* CollectionColorList.swift in Sources */,
				84CAE251290C3FF60069AFED /* ImageCollection.swift in Sources */,
				84CAE255290C46B50069AFED /* CustomData.swift in Sources */,
				84E296A22908231B00A81F54 /* ListViewModel.swift in Sources */,
				849D67B52906BBFB000C73B3 /* AddView.swift in Sources */,
				849D67B129067FA5000C73B3 /* ListView.swift in Sources */,
				84CAE253290C42F20069AFED /* UIMakers.swift in Sources */,
				849D67862902F279000C73B3 /* ToDoListApp.swift in Sources */,
				84AC639E290AB131005400BD /* InspectorSidebarToolbarTop.swift in Sources */,
				84AC63A0290ACF8F005400BD /* ListRowViewDelegate.swift in Sources */,
				849D67B32906B52B000C73B3 /* ListRowView.swift in Sources */,
				84AC63A2290AD6A5005400BD /* ListMoveAndDelete.swift in Sources */,
			);
			runOnlyForDeploymentPostprocessing = 0;
		};
		849D678E2902F27A000C73B3 /* Sources */ = {
			isa = PBXSourcesBuildPhase;
			buildActionMask = 2147483647;
			files = (
				849D67972902F27A000C73B3 /* ToDoListTests.swift in Sources */,
			);
			runOnlyForDeploymentPostprocessing = 0;
		};
		849D67982902F27A000C73B3 /* Sources */ = {
			isa = PBXSourcesBuildPhase;
			buildActionMask = 2147483647;
			files = (
				849D67A32902F27A000C73B3 /* ToDoListUITestsLaunchTests.swift in Sources */,
				849D67A12902F27A000C73B3 /* ToDoListUITests.swift in Sources */,
			);
			runOnlyForDeploymentPostprocessing = 0;
		};
/* End PBXSourcesBuildPhase section */

/* Begin PBXTargetDependency section */
		849D67942902F27A000C73B3 /* PBXTargetDependency */ = {
			isa = PBXTargetDependency;
			target = 849D67812902F279000C73B3 /* ToDoList */;
			targetProxy = 849D67932902F27A000C73B3 /* PBXContainerItemProxy */;
		};
		849D679E2902F27A000C73B3 /* PBXTargetDependency */ = {
			isa = PBXTargetDependency;
			target = 849D67812902F279000C73B3 /* ToDoList */;
			targetProxy = 849D679D2902F27A000C73B3 /* PBXContainerItemProxy */;
		};
/* End PBXTargetDependency section */

/* Begin XCBuildConfiguration section */
		849D67A42902F27A000C73B3 /* Debug */ = {
			isa = XCBuildConfiguration;
			buildSettings = {
				ALWAYS_SEARCH_USER_PATHS = NO;
				CLANG_ANALYZER_NONNULL = YES;
				CLANG_ANALYZER_NUMBER_OBJECT_CONVERSION = YES_AGGRESSIVE;
				CLANG_CXX_LANGUAGE_STANDARD = "gnu++20";
				CLANG_ENABLE_MODULES = YES;
				CLANG_ENABLE_OBJC_ARC = YES;
				CLANG_ENABLE_OBJC_WEAK = YES;
				CLANG_WARN_BLOCK_CAPTURE_AUTORELEASING = YES;
				CLANG_WARN_BOOL_CONVERSION = YES;
				CLANG_WARN_COMMA = YES;
				CLANG_WARN_CONSTANT_CONVERSION = YES;
				CLANG_WARN_DEPRECATED_OBJC_IMPLEMENTATIONS = YES;
				CLANG_WARN_DIRECT_OBJC_ISA_USAGE = YES_ERROR;
				CLANG_WARN_DOCUMENTATION_COMMENTS = YES;
				CLANG_WARN_EMPTY_BODY = YES;
				CLANG_WARN_ENUM_CONVERSION = YES;
				CLANG_WARN_INFINITE_RECURSION = YES;
				CLANG_WARN_INT_CONVERSION = YES;
				CLANG_WARN_NON_LITERAL_NULL_CONVERSION = YES;
				CLANG_WARN_OBJC_IMPLICIT_RETAIN_SELF = YES;
				CLANG_WARN_OBJC_LITERAL_CONVERSION = YES;
				CLANG_WARN_OBJC_ROOT_CLASS = YES_ERROR;
				CLANG_WARN_QUOTED_INCLUDE_IN_FRAMEWORK_HEADER = YES;
				CLANG_WARN_RANGE_LOOP_ANALYSIS = YES;
				CLANG_WARN_STRICT_PROTOTYPES = YES;
				CLANG_WARN_SUSPICIOUS_MOVE = YES;
				CLANG_WARN_UNGUARDED_AVAILABILITY = YES_AGGRESSIVE;
				CLANG_WARN_UNREACHABLE_CODE = YES;
				CLANG_WARN__DUPLICATE_METHOD_MATCH = YES;
				COPY_PHASE_STRIP = NO;
				DEBUG_INFORMATION_FORMAT = dwarf;
				ENABLE_STRICT_OBJC_MSGSEND = YES;
				ENABLE_TESTABILITY = YES;
				GCC_C_LANGUAGE_STANDARD = gnu11;
				GCC_DYNAMIC_NO_PIC = NO;
				GCC_NO_COMMON_BLOCKS = YES;
				GCC_OPTIMIZATION_LEVEL = 0;
				GCC_PREPROCESSOR_DEFINITIONS = (
					"DEBUG=1",
					"$(inherited)",
				);
				GCC_WARN_64_TO_32_BIT_CONVERSION = YES;
				GCC_WARN_ABOUT_RETURN_TYPE = YES_ERROR;
				GCC_WARN_UNDECLARED_SELECTOR = YES;
				GCC_WARN_UNINITIALIZED_AUTOS = YES_AGGRESSIVE;
				GCC_WARN_UNUSED_FUNCTION = YES;
				GCC_WARN_UNUSED_VARIABLE = YES;
				IPHONEOS_DEPLOYMENT_TARGET = 16.0;
				MTL_ENABLE_DEBUG_INFO = INCLUDE_SOURCE;
				MTL_FAST_MATH = YES;
				ONLY_ACTIVE_ARCH = YES;
				SDKROOT = iphoneos;
				SWIFT_ACTIVE_COMPILATION_CONDITIONS = DEBUG;
				SWIFT_OPTIMIZATION_LEVEL = "-Onone";
			};
			name = Debug;
		};
		849D67A52902F27A000C73B3 /* Release */ = {
			isa = XCBuildConfiguration;
			buildSettings = {
				ALWAYS_SEARCH_USER_PATHS = NO;
				CLANG_ANALYZER_NONNULL = YES;
				CLANG_ANALYZER_NUMBER_OBJECT_CONVERSION = YES_AGGRESSIVE;
				CLANG_CXX_LANGUAGE_STANDARD = "gnu++20";
				CLANG_ENABLE_MODULES = YES;
				CLANG_ENABLE_OBJC_ARC = YES;
				CLANG_ENABLE_OBJC_WEAK = YES;
				CLANG_WARN_BLOCK_CAPTURE_AUTORELEASING = YES;
				CLANG_WARN_BOOL_CONVERSION = YES;
				CLANG_WARN_COMMA = YES;
				CLANG_WARN_CONSTANT_CONVERSION = YES;
				CLANG_WARN_DEPRECATED_OBJC_IMPLEMENTATIONS = YES;
				CLANG_WARN_DIRECT_OBJC_ISA_USAGE = YES_ERROR;
				CLANG_WARN_DOCUMENTATION_COMMENTS = YES;
				CLANG_WARN_EMPTY_BODY = YES;
				CLANG_WARN_ENUM_CONVERSION = YES;
				CLANG_WARN_INFINITE_RECURSION = YES;
				CLANG_WARN_INT_CONVERSION = YES;
				CLANG_WARN_NON_LITERAL_NULL_CONVERSION = YES;
				CLANG_WARN_OBJC_IMPLICIT_RETAIN_SELF = YES;
				CLANG_WARN_OBJC_LITERAL_CONVERSION = YES;
				CLANG_WARN_OBJC_ROOT_CLASS = YES_ERROR;
				CLANG_WARN_QUOTED_INCLUDE_IN_FRAMEWORK_HEADER = YES;
				CLANG_WARN_RANGE_LOOP_ANALYSIS = YES;
				CLANG_WARN_STRICT_PROTOTYPES = YES;
				CLANG_WARN_SUSPICIOUS_MOVE = YES;
				CLANG_WARN_UNGUARDED_AVAILABILITY = YES_AGGRESSIVE;
				CLANG_WARN_UNREACHABLE_CODE = YES;
				CLANG_WARN__DUPLICATE_METHOD_MATCH = YES;
				COPY_PHASE_STRIP = NO;
				DEBUG_INFORMATION_FORMAT = "dwarf-with-dsym";
				ENABLE_NS_ASSERTIONS = NO;
				ENABLE_STRICT_OBJC_MSGSEND = YES;
				GCC_C_LANGUAGE_STANDARD = gnu11;
				GCC_NO_COMMON_BLOCKS = YES;
				GCC_WARN_64_TO_32_BIT_CONVERSION = YES;
				GCC_WARN_ABOUT_RETURN_TYPE = YES_ERROR;
				GCC_WARN_UNDECLARED_SELECTOR = YES;
				GCC_WARN_UNINITIALIZED_AUTOS = YES_AGGRESSIVE;
				GCC_WARN_UNUSED_FUNCTION = YES;
				GCC_WARN_UNUSED_VARIABLE = YES;
				IPHONEOS_DEPLOYMENT_TARGET = 16.0;
				MTL_ENABLE_DEBUG_INFO = NO;
				MTL_FAST_MATH = YES;
				SDKROOT = iphoneos;
				SWIFT_COMPILATION_MODE = wholemodule;
				SWIFT_OPTIMIZATION_LEVEL = "-O";
				VALIDATE_PRODUCT = YES;
			};
			name = Release;
		};
		849D67A72902F27A000C73B3 /* Debug */ = {
			isa = XCBuildConfiguration;
			buildSettings = {
				ASSETCATALOG_COMPILER_APPICON_NAME = AppIcon;
				ASSETCATALOG_COMPILER_GLOBAL_ACCENT_COLOR_NAME = AccentColor;
				CODE_SIGN_STYLE = Automatic;
				CURRENT_PROJECT_VERSION = 1;
				DEVELOPMENT_ASSET_PATHS = "\"ToDoList/Preview Content\"";
				DEVELOPMENT_TEAM = R9MM9KNMTT;
				ENABLE_PREVIEWS = YES;
				GENERATE_INFOPLIST_FILE = YES;
				INFOPLIST_KEY_CFBundleDisplayName = Todo;
				INFOPLIST_KEY_UIApplicationSceneManifest_Generation = YES;
				INFOPLIST_KEY_UIApplicationSupportsIndirectInputEvents = YES;
				INFOPLIST_KEY_UILaunchScreen_Generation = YES;
				INFOPLIST_KEY_UILaunchStoryboardName = LaunchScreen.storyboard;
				INFOPLIST_KEY_UISupportedInterfaceOrientations_iPad = "UIInterfaceOrientationPortrait UIInterfaceOrientationPortraitUpsideDown UIInterfaceOrientationLandscapeLeft UIInterfaceOrientationLandscapeRight";
				INFOPLIST_KEY_UISupportedInterfaceOrientations_iPhone = "UIInterfaceOrientationPortrait UIInterfaceOrientationLandscapeLeft UIInterfaceOrientationLandscapeRight";
				IPHONEOS_DEPLOYMENT_TARGET = 15.2;
				LD_RUNPATH_SEARCH_PATHS = (
					"$(inherited)",
					"@executable_path/Frameworks",
				);
				MARKETING_VERSION = 1.0;
				PRODUCT_BUNDLE_IDENTIFIER = Looping.ToDoList;
				PRODUCT_NAME = "$(TARGET_NAME)";
				SWIFT_EMIT_LOC_STRINGS = YES;
				SWIFT_VERSION = 5.0;
				TARGETED_DEVICE_FAMILY = "1,2";
			};
			name = Debug;
		};
		849D67A82902F27A000C73B3 /* Release */ = {
			isa = XCBuildConfiguration;
			buildSettings = {
				ASSETCATALOG_COMPILER_APPICON_NAME = AppIcon;
				ASSETCATALOG_COMPILER_GLOBAL_ACCENT_COLOR_NAME = AccentColor;
				CODE_SIGN_STYLE = Automatic;
				CURRENT_PROJECT_VERSION = 1;
				DEVELOPMENT_ASSET_PATHS = "\"ToDoList/Preview Content\"";
				DEVELOPMENT_TEAM = R9MM9KNMTT;
				ENABLE_PREVIEWS = YES;
				GENERATE_INFOPLIST_FILE = YES;
				INFOPLIST_KEY_CFBundleDisplayName = Todo;
				INFOPLIST_KEY_UIApplicationSceneManifest_Generation = YES;
				INFOPLIST_KEY_UIApplicationSupportsIndirectInputEvents = YES;
				INFOPLIST_KEY_UILaunchScreen_Generation = YES;
				INFOPLIST_KEY_UILaunchStoryboardName = LaunchScreen.storyboard;
				INFOPLIST_KEY_UISupportedInterfaceOrientations_iPad = "UIInterfaceOrientationPortrait UIInterfaceOrientationPortraitUpsideDown UIInterfaceOrientationLandscapeLeft UIInterfaceOrientationLandscapeRight";
				INFOPLIST_KEY_UISupportedInterfaceOrientations_iPhone = "UIInterfaceOrientationPortrait UIInterfaceOrientationLandscapeLeft UIInterfaceOrientationLandscapeRight";
				IPHONEOS_DEPLOYMENT_TARGET = 15.2;
				LD_RUNPATH_SEARCH_PATHS = (
					"$(inherited)",
					"@executable_path/Frameworks",
				);
				MARKETING_VERSION = 1.0;
				PRODUCT_BUNDLE_IDENTIFIER = Looping.ToDoList;
				PRODUCT_NAME = "$(TARGET_NAME)";
				SWIFT_EMIT_LOC_STRINGS = YES;
				SWIFT_VERSION = 5.0;
				TARGETED_DEVICE_FAMILY = "1,2";
			};
			name = Release;
		};
		849D67AA2902F27A000C73B3 /* Debug */ = {
			isa = XCBuildConfiguration;
			buildSettings = {
				ALWAYS_EMBED_SWIFT_STANDARD_LIBRARIES = YES;
				BUNDLE_LOADER = "$(TEST_HOST)";
				CODE_SIGN_STYLE = Automatic;
				CURRENT_PROJECT_VERSION = 1;
				DEVELOPMENT_TEAM = R9MM9KNMTT;
				GENERATE_INFOPLIST_FILE = YES;
				IPHONEOS_DEPLOYMENT_TARGET = 16.0;
				MARKETING_VERSION = 1.0;
				PRODUCT_BUNDLE_IDENTIFIER = Looping.ToDoListTests;
				PRODUCT_NAME = "$(TARGET_NAME)";
				SWIFT_EMIT_LOC_STRINGS = NO;
				SWIFT_VERSION = 5.0;
				TARGETED_DEVICE_FAMILY = "1,2";
				TEST_HOST = "$(BUILT_PRODUCTS_DIR)/ToDoList.app/$(BUNDLE_EXECUTABLE_FOLDER_PATH)/ToDoList";
			};
			name = Debug;
		};
		849D67AB2902F27A000C73B3 /* Release */ = {
			isa = XCBuildConfiguration;
			buildSettings = {
				ALWAYS_EMBED_SWIFT_STANDARD_LIBRARIES = YES;
				BUNDLE_LOADER = "$(TEST_HOST)";
				CODE_SIGN_STYLE = Automatic;
				CURRENT_PROJECT_VERSION = 1;
				DEVELOPMENT_TEAM = R9MM9KNMTT;
				GENERATE_INFOPLIST_FILE = YES;
				IPHONEOS_DEPLOYMENT_TARGET = 16.0;
				MARKETING_VERSION = 1.0;
				PRODUCT_BUNDLE_IDENTIFIER = Looping.ToDoListTests;
				PRODUCT_NAME = "$(TARGET_NAME)";
				SWIFT_EMIT_LOC_STRINGS = NO;
				SWIFT_VERSION = 5.0;
				TARGETED_DEVICE_FAMILY = "1,2";
				TEST_HOST = "$(BUILT_PRODUCTS_DIR)/ToDoList.app/$(BUNDLE_EXECUTABLE_FOLDER_PATH)/ToDoList";
			};
			name = Release;
		};
		849D67AD2902F27A000C73B3 /* Debug */ = {
			isa = XCBuildConfiguration;
			buildSettings = {
				ALWAYS_EMBED_SWIFT_STANDARD_LIBRARIES = YES;
				CODE_SIGN_STYLE = Automatic;
				CURRENT_PROJECT_VERSION = 1;
				DEVELOPMENT_TEAM = R9MM9KNMTT;
				GENERATE_INFOPLIST_FILE = YES;
				MARKETING_VERSION = 1.0;
				PRODUCT_BUNDLE_IDENTIFIER = Looping.ToDoListUITests;
				PRODUCT_NAME = "$(TARGET_NAME)";
				SWIFT_EMIT_LOC_STRINGS = NO;
				SWIFT_VERSION = 5.0;
				TARGETED_DEVICE_FAMILY = "1,2";
				TEST_TARGET_NAME = ToDoList;
			};
			name = Debug;
		};
		849D67AE2902F27A000C73B3 /* Release */ = {
			isa = XCBuildConfiguration;
			buildSettings = {
				ALWAYS_EMBED_SWIFT_STANDARD_LIBRARIES = YES;
				CODE_SIGN_STYLE = Automatic;
				CURRENT_PROJECT_VERSION = 1;
				DEVELOPMENT_TEAM = R9MM9KNMTT;
				GENERATE_INFOPLIST_FILE = YES;
				MARKETING_VERSION = 1.0;
				PRODUCT_BUNDLE_IDENTIFIER = Looping.ToDoListUITests;
				PRODUCT_NAME = "$(TARGET_NAME)";
				SWIFT_EMIT_LOC_STRINGS = NO;
				SWIFT_VERSION = 5.0;
				TARGETED_DEVICE_FAMILY = "1,2";
				TEST_TARGET_NAME = ToDoList;
			};
			name = Release;
		};
/* End XCBuildConfiguration section */

/* Begin XCConfigurationList section */
		849D677D2902F279000C73B3 /* Build configuration list for PBXProject "ToDoList" */ = {
			isa = XCConfigurationList;
			buildConfigurations = (
				849D67A42902F27A000C73B3 /* Debug */,
				849D67A52902F27A000C73B3 /* Release */,
			);
			defaultConfigurationIsVisible = 0;
			defaultConfigurationName = Release;
		};
		849D67A62902F27A000C73B3 /* Build configuration list for PBXNativeTarget "ToDoList" */ = {
			isa = XCConfigurationList;
			buildConfigurations = (
				849D67A72902F27A000C73B3 /* Debug */,
				849D67A82902F27A000C73B3 /* Release */,
			);
			defaultConfigurationIsVisible = 0;
			defaultConfigurationName = Release;
		};
		849D67A92902F27A000C73B3 /* Build configuration list for PBXNativeTarget "ToDoListTests" */ = {
			isa = XCConfigurationList;
			buildConfigurations = (
				849D67AA2902F27A000C73B3 /* Debug */,
				849D67AB2902F27A000C73B3 /* Release */,
			);
			defaultConfigurationIsVisible = 0;
			defaultConfigurationName = Release;
		};
		849D67AC2902F27A000C73B3 /* Build configuration list for PBXNativeTarget "ToDoListUITests" */ = {
			isa = XCConfigurationList;
			buildConfigurations = (
				849D67AD2902F27A000C73B3 /* Debug */,
				849D67AE2902F27A000C73B3 /* Release */,
			);
			defaultConfigurationIsVisible = 0;
			defaultConfigurationName = Release;
		};
/* End XCConfigurationList section */
	};
	rootObject = 849D677A2902F279000C73B3 /* Project object */;
}
